
Microsoft Visual Studio Solution File, Format Version 12.00
# Visual Studio Version 17
VisualStudioVersion = 17.9.34607.119
MinimumVisualStudioVersion = 10.0.40219.1
Project("{FAE04EC0-301F-11D3-BF4B-00C04F79EFBC}") = "week 4", "week 4.csproj", "{82AE28BA-4983-4290-93F1-4C5381713852}"
EndProject
Global
	GlobalSection(SolutionConfigurationPlatforms) = preSolution
		Debug|Any CPU = Debug|Any CPU
		Release|Any CPU = Release|Any CPU
	EndGlobalSection
	GlobalSection(ProjectConfigurationPlatforms) = postSolution
		{82AE28BA-4983-4290-93F1-4C5381713852}.Debug|Any CPU.ActiveCfg = Debug|Any CPU
		{82AE28BA-4983-4290-93F1-4C5381713852}.Debug|Any CPU.Build.0 = Debug|Any CPU
		{82AE28BA-4983-4290-93F1-4C5381713852}.Release|Any CPU.ActiveCfg = Release|Any CPU
		{82AE28BA-4983-4290-93F1-4C5381713852}.Release|Any CPU.Build.0 = Release|Any CPU
	EndGlobalSection
	GlobalSection(SolutionProperties) = preSolution
		HideSolutionNode = FALSE
	EndGlobalSection
	GlobalSection(ExtensibilityGlobals) = postSolution
		SolutionGuid = {922FB3D2-17A8-4736-8479-2C16C0B3103E}
	EndGlobalSection
EndGlobal
